<?xml version="1.0" encoding="utf-8"?>
<Project ToolsVersion="4.0" xmlns="http://schemas.microsoft.com/developer/msbuild/2003">
  <ItemGroup>
    <Filter Include="ThirdParty">
      <UniqueIdentifier>{107145F9-FC28-8746-6530-60A251072237}</UniqueIdentifier>
    </Filter>
    <Filter Include="ThirdParty\freetype">
      <UniqueIdentifier>{C3A11EE1-2F03-FCEE-B870-42A124D132AE}</UniqueIdentifier>
    </Filter>
    <Filter Include="ThirdParty\freetype\builds">
      <UniqueIdentifier>{F5FC6F1F-E10C-1CF0-4AC6-800E36F50A89}</UniqueIdentifier>
    </Filter>
    <Filter Include="ThirdParty\freetype\builds\windows">
      <UniqueIdentifier>{4F64193E-3BA0-1CA8-A4B2-349F900DC5C2}</UniqueIdentifier>
    </Filter>
    <Filter Include="ThirdParty\freetype\include">
      <UniqueIdentifier>{36DC8617-A2E9-B4FD-2BD0-B0E897DC80B4}</UniqueIdentifier>
    </Filter>
    <Filter Include="ThirdParty\freetype\include\dlg">
      <UniqueIdentifier>{BC8481FB-2868-903B-316B-BE779DCD568C}</UniqueIdentifier>
    </Filter>
    <Filter Include="ThirdParty\freetype\include\freetype">
      <UniqueIdentifier>{A9F7B99C-95DE-7B94-3E2F-E2B12AF5F4FA}</UniqueIdentifier>
    </Filter>
    <Filter Include="ThirdParty\freetype\include\freetype\config">
      <UniqueIdentifier>{AE2E6A7F-1A94-FD05-A36C-9FDE0FD1F274}</UniqueIdentifier>
    </Filter>
    <Filter Include="ThirdParty\freetype\include\freetype\internal">
      <UniqueIdentifier>{1548334D-81B8-35C6-4AD7-AF4EB6066EC7}</UniqueIdentifier>
    </Filter>
    <Filter Include="ThirdParty\freetype\include\freetype\internal\services">
      <UniqueIdentifier>{A831E619-94DB-1B29-7DAC-234469F5BB17}</UniqueIdentifier>
    </Filter>
    <Filter Include="ThirdParty\freetype\src">
      <UniqueIdentifier>{5A896BAF-C6C0-B346-CFCA-176A3B81DA3F}</UniqueIdentifier>
    </Filter>
    <Filter Include="ThirdParty\freetype\src\autofit">
      <UniqueIdentifier>{C5A7E81A-318B-F75A-3A8E-2597A6F0BDAB}</UniqueIdentifier>
    </Filter>
    <Filter Include="ThirdParty\freetype\src\base">
      <UniqueIdentifier>{445A8372-3015-731E-D9CC-EB68C566BDAE}</UniqueIdentifier>
    </Filter>
    <Filter Include="ThirdParty\freetype\src\bdf">
      <UniqueIdentifier>{551A8022-C127-AE08-4A0E-AAF3B61A7ABF}</UniqueIdentifier>
    </Filter>
    <Filter Include="ThirdParty\freetype\src\cache">
      <UniqueIdentifier>{FD7700C3-6990-E7EC-323D-77869E147C86}</UniqueIdentifier>
    </Filter>
    <Filter Include="ThirdParty\freetype\src\cff">
      <UniqueIdentifier>{D81E8022-442C-AE08-CD12-AAF3391F7ABF}</UniqueIdentifier>
    </Filter>
    <Filter Include="ThirdParty\freetype\src\cid">
      <UniqueIdentifier>{391F8022-A52C-AE08-2E13-AAF39A1F7ABF}</UniqueIdentifier>
    </Filter>
    <Filter Include="ThirdParty\freetype\src\gzip">
      <UniqueIdentifier>{43818672-2F3C-761E-D8F3-EE68C48DC0AE}</UniqueIdentifier>
    </Filter>
    <Filter Include="ThirdParty\freetype\src\lzw">
      <UniqueIdentifier>{C6478022-3255-AE08-BB3B-AAF327487ABF}</UniqueIdentifier>
    </Filter>
    <Filter Include="ThirdParty\freetype\src\pcf">
      <UniqueIdentifier>{C2558022-2E63-AE08-B749-AAF323567ABF}</UniqueIdentifier>
    </Filter>
    <Filter Include="ThirdParty\freetype\src\pfr">
      <UniqueIdentifier>{31568022-9D63-AE08-264A-AAF392567ABF}</UniqueIdentifier>
    </Filter>
    <Filter Include="ThirdParty\freetype\src\psaux">
      <UniqueIdentifier>{9A8EF5C3-06A7-DCED-CF53-6C873B2B7187}</UniqueIdentifier>
    </Filter>
    <Filter Include="ThirdParty\freetype\src\pshinter">
      <UniqueIdentifier>{D6B57E99-C206-6ADB-EB6A-589DD71AFD44}</UniqueIdentifier>
    </Filter>
    <Filter Include="ThirdParty\freetype\src\psnames">
      <UniqueIdentifier>{C0C27398-2CA6-82D8-35A9-B014A10B4929}</UniqueIdentifier>
    </Filter>
    <Filter Include="ThirdParty\freetype\src\raster">
      <UniqueIdentifier>{9AD21546-86F8-DFAC-6F3E-65785B030579}</UniqueIdentifier>
    </Filter>
    <Filter Include="ThirdParty\freetype\src\sfnt">
      <UniqueIdentifier>{64C18C72-507C-7C1E-F933-F568E5CDC6AE}</UniqueIdentifier>
    </Filter>
    <Filter Include="ThirdParty\freetype\src\smooth">
      <UniqueIdentifier>{63DC4149-4F02-0CB0-3848-917B240D317C}</UniqueIdentifier>
    </Filter>
    <Filter Include="ThirdParty\freetype\src\truetype">
      <UniqueIdentifier>{ABDB991B-972C-855D-C090-731FAC4018C7}</UniqueIdentifier>
    </Filter>
    <Filter Include="ThirdParty\freetype\src\type1">
      <UniqueIdentifier>{5C7841C4-C890-28EE-913D-B887FD14BD87}</UniqueIdentifier>
    </Filter>
    <Filter Include="ThirdParty\freetype\src\type42">
      <UniqueIdentifier>{7184704C-5DAA-3AB3-46F0-BF7E32B55F7F}</UniqueIdentifier>
    </Filter>
    <Filter Include="ThirdParty\freetype\src\winfonts">
      <UniqueIdentifier>{81474E1B-6D98-395D-96FC-271F82ACCCC6}</UniqueIdentifier>
    </Filter>
  </ItemGroup>
  <ItemGroup>
    <ClInclude Include="..\ThirdParty\freetype\include\dlg\dlg.h">
      <Filter>ThirdParty\freetype\include\dlg</Filter>
    </ClInclude>
    <ClInclude Include="..\ThirdParty\freetype\include\dlg\output.h">
      <Filter>ThirdParty\freetype\include\dlg</Filter>
    </ClInclude>
    <ClInclude Include="..\ThirdParty\freetype\include\freetype\config\ftconfig.h">
      <Filter>ThirdParty\freetype\include\freetype\config</Filter>
    </ClInclude>
    <ClInclude Include="..\ThirdParty\freetype\include\freetype\config\ftheader.h">
      <Filter>ThirdParty\freetype\include\freetype\config</Filter>
    </ClInclude>
    <ClInclude Include="..\ThirdParty\freetype\include\freetype\config\ftmodule.h">
      <Filter>ThirdParty\freetype\include\freetype\config</Filter>
    </ClInclude>
    <ClInclude Include="..\ThirdParty\freetype\include\freetype\config\ftoption.h">
      <Filter>ThirdParty\freetype\include\freetype\config</Filter>
    </ClInclude>
    <ClInclude Include="..\ThirdParty\freetype\include\freetype\config\ftstdlib.h">
      <Filter>ThirdParty\freetype\include\freetype\config</Filter>
    </ClInclude>
    <ClInclude Include="..\ThirdParty\freetype\include\freetype\config\integer-types.h">
      <Filter>ThirdParty\freetype\include\freetype\config</Filter>
    </ClInclude>
    <ClInclude Include="..\ThirdParty\freetype\include\freetype\config\mac-support.h">
      <Filter>ThirdParty\freetype\include\freetype\config</Filter>
    </ClInclude>
    <ClInclude Include="..\ThirdParty\freetype\include\freetype\config\public-macros.h">
      <Filter>ThirdParty\freetype\include\freetype\config</Filter>
    </ClInclude>
    <ClInclude Include="..\ThirdParty\freetype\include\freetype\freetype.h">
      <Filter>ThirdParty\freetype\include\freetype</Filter>
    </ClInclude>
    <ClInclude Include="..\ThirdParty\freetype\include\freetype\ftadvanc.h">
      <Filter>ThirdParty\freetype\include\freetype</Filter>
    </ClInclude>
    <ClInclude Include="..\ThirdParty\freetype\include\freetype\ftbbox.h">
      <Filter>ThirdParty\freetype\include\freetype</Filter>
    </ClInclude>
    <ClInclude Include="..\ThirdParty\freetype\include\freetype\ftbdf.h">
      <Filter>ThirdParty\freetype\include\freetype</Filter>
    </ClInclude>
    <ClInclude Include="..\ThirdParty\freetype\include\freetype\ftbitmap.h">
      <Filter>ThirdParty\freetype\include\freetype</Filter>
    </ClInclude>
    <ClInclude Include="..\ThirdParty\freetype\include\freetype\ftbzip2.h">
      <Filter>ThirdParty\freetype\include\freetype</Filter>
    </ClInclude>
    <ClInclude Include="..\ThirdParty\freetype\include\freetype\ftcache.h">
      <Filter>ThirdParty\freetype\include\freetype</Filter>
    </ClInclude>
    <ClInclude Include="..\ThirdParty\freetype\include\freetype\ftchapters.h">
      <Filter>ThirdParty\freetype\include\freetype</Filter>
    </ClInclude>
    <ClInclude Include="..\ThirdParty\freetype\include\freetype\ftcid.h">
      <Filter>ThirdParty\freetype\include\freetype</Filter>
    </ClInclude>
    <ClInclude Include="..\ThirdParty\freetype\include\freetype\ftcolor.h">
      <Filter>ThirdParty\freetype\include\freetype</Filter>
    </ClInclude>
    <ClInclude Include="..\ThirdParty\freetype\include\freetype\ftdriver.h">
      <Filter>ThirdParty\freetype\include\freetype</Filter>
    </ClInclude>
    <ClInclude Include="..\ThirdParty\freetype\include\freetype\fterrdef.h">
      <Filter>ThirdParty\freetype\include\freetype</Filter>
    </ClInclude>
    <ClInclude Include="..\ThirdParty\freetype\include\freetype\fterrors.h">
      <Filter>ThirdParty\freetype\include\freetype</Filter>
    </ClInclude>
    <ClInclude Include="..\ThirdParty\freetype\include\freetype\ftfntfmt.h">
      <Filter>ThirdParty\freetype\include\freetype</Filter>
    </ClInclude>
    <ClInclude Include="..\ThirdParty\freetype\include\freetype\ftgasp.h">
      <Filter>ThirdParty\freetype\include\freetype</Filter>
    </ClInclude>
    <ClInclude Include="..\ThirdParty\freetype\include\freetype\ftglyph.h">
      <Filter>ThirdParty\freetype\include\freetype</Filter>
    </ClInclude>
    <ClInclude Include="..\ThirdParty\freetype\include\freetype\ftgxval.h">
      <Filter>ThirdParty\freetype\include\freetype</Filter>
    </ClInclude>
    <ClInclude Include="..\ThirdParty\freetype\include\freetype\ftgzip.h">
      <Filter>ThirdParty\freetype\include\freetype</Filter>
    </ClInclude>
    <ClInclude Include="..\ThirdParty\freetype\include\freetype\ftimage.h">
      <Filter>ThirdParty\freetype\include\freetype</Filter>
    </ClInclude>
    <ClInclude Include="..\ThirdParty\freetype\include\freetype\ftincrem.h">
      <Filter>ThirdParty\freetype\include\freetype</Filter>
    </ClInclude>
    <ClInclude Include="..\ThirdParty\freetype\include\freetype\ftlcdfil.h">
      <Filter>ThirdParty\freetype\include\freetype</Filter>
    </ClInclude>
    <ClInclude Include="..\ThirdParty\freetype\include\freetype\ftlist.h">
      <Filter>ThirdParty\freetype\include\freetype</Filter>
    </ClInclude>
    <ClInclude Include="..\ThirdParty\freetype\include\freetype\ftlogging.h">
      <Filter>ThirdParty\freetype\include\freetype</Filter>
    </ClInclude>
    <ClInclude Include="..\ThirdParty\freetype\include\freetype\ftlzw.h">
      <Filter>ThirdParty\freetype\include\freetype</Filter>
    </ClInclude>
    <ClInclude Include="..\ThirdParty\freetype\include\freetype\ftmac.h">
      <Filter>ThirdParty\freetype\include\freetype</Filter>
    </ClInclude>
    <ClInclude Include="..\ThirdParty\freetype\include\freetype\ftmm.h">
      <Filter>ThirdParty\freetype\include\freetype</Filter>
    </ClInclude>
    <ClInclude Include="..\ThirdParty\freetype\include\freetype\ftmodapi.h">
      <Filter>ThirdParty\freetype\include\freetype</Filter>
    </ClInclude>
    <ClInclude Include="..\ThirdParty\freetype\include\freetype\ftmoderr.h">
      <Filter>ThirdParty\freetype\include\freetype</Filter>
    </ClInclude>
    <ClInclude Include="..\ThirdParty\freetype\include\freetype\ftotval.h">
      <Filter>ThirdParty\freetype\include\freetype</Filter>
    </ClInclude>
    <ClInclude Include="..\ThirdParty\freetype\include\freetype\ftoutln.h">
      <Filter>ThirdParty\freetype\include\freetype</Filter>
    </ClInclude>
    <ClInclude Include="..\ThirdParty\freetype\include\freetype\ftparams.h">
      <Filter>ThirdParty\freetype\include\freetype</Filter>
    </ClInclude>
    <ClInclude Include="..\ThirdParty\freetype\include\freetype\ftpfr.h">
      <Filter>ThirdParty\freetype\include\freetype</Filter>
    </ClInclude>
    <ClInclude Include="..\ThirdParty\freetype\include\freetype\ftrender.h">
      <Filter>ThirdParty\freetype\include\freetype</Filter>
    </ClInclude>
    <ClInclude Include="..\ThirdParty\freetype\include\freetype\ftsizes.h">
      <Filter>ThirdParty\freetype\include\freetype</Filter>
    </ClInclude>
    <ClInclude Include="..\ThirdParty\freetype\include\freetype\ftsnames.h">
      <Filter>ThirdParty\freetype\include\freetype</Filter>
    </ClInclude>
    <ClInclude Include="..\ThirdParty\freetype\include\freetype\ftstroke.h">
      <Filter>ThirdParty\freetype\include\freetype</Filter>
    </ClInclude>
    <ClInclude Include="..\ThirdParty\freetype\include\freetype\ftsynth.h">
      <Filter>ThirdParty\freetype\include\freetype</Filter>
    </ClInclude>
    <ClInclude Include="..\ThirdParty\freetype\include\freetype\ftsystem.h">
      <Filter>ThirdParty\freetype\include\freetype</Filter>
    </ClInclude>
    <ClInclude Include="..\ThirdParty\freetype\include\freetype\fttrigon.h">
      <Filter>ThirdParty\freetype\include\freetype</Filter>
    </ClInclude>
    <ClInclude Include="..\ThirdParty\freetype\include\freetype\fttypes.h">
      <Filter>ThirdParty\freetype\include\freetype</Filter>
    </ClInclude>
    <ClInclude Include="..\ThirdParty\freetype\include\freetype\ftwinfnt.h">
      <Filter>ThirdParty\freetype\include\freetype</Filter>
    </ClInclude>
    <ClInclude Include="..\ThirdParty\freetype\include\freetype\internal\autohint.h">
      <Filter>ThirdParty\freetype\include\freetype\internal</Filter>
    </ClInclude>
    <ClInclude Include="..\ThirdParty\freetype\include\freetype\internal\cffotypes.h">
      <Filter>ThirdParty\freetype\include\freetype\internal</Filter>
    </ClInclude>
    <ClInclude Include="..\ThirdParty\freetype\include\freetype\internal\cfftypes.h">
      <Filter>ThirdParty\freetype\include\freetype\internal</Filter>
    </ClInclude>
    <ClInclude Include="..\ThirdParty\freetype\include\freetype\internal\compiler-macros.h">
      <Filter>ThirdParty\freetype\include\freetype\internal</Filter>
    </ClInclude>
    <ClInclude Include="..\ThirdParty\freetype\include\freetype\internal\ftcalc.h">
      <Filter>ThirdParty\freetype\include\freetype\internal</Filter>
    </ClInclude>
    <ClInclude Include="..\ThirdParty\freetype\include\freetype\internal\ftdebug.h">
      <Filter>ThirdParty\freetype\include\freetype\internal</Filter>
    </ClInclude>
    <ClInclude Include="..\ThirdParty\freetype\include\freetype\internal\ftdrv.h">
      <Filter>ThirdParty\freetype\include\freetype\internal</Filter>
    </ClInclude>
    <ClInclude Include="..\ThirdParty\freetype\include\freetype\internal\ftgloadr.h">
      <Filter>ThirdParty\freetype\include\freetype\internal</Filter>
    </ClInclude>
    <ClInclude Include="..\ThirdParty\freetype\include\freetype\internal\fthash.h">
      <Filter>ThirdParty\freetype\include\freetype\internal</Filter>
    </ClInclude>
    <ClInclude Include="..\ThirdParty\freetype\include\freetype\internal\ftmemory.h">
      <Filter>ThirdParty\freetype\include\freetype\internal</Filter>
    </ClInclude>
    <ClInclude Include="..\ThirdParty\freetype\include\freetype\internal\ftobjs.h">
      <Filter>ThirdParty\freetype\include\freetype\internal</Filter>
    </ClInclude>
    <ClInclude Include="..\ThirdParty\freetype\include\freetype\internal\ftpsprop.h">
      <Filter>ThirdParty\freetype\include\freetype\internal</Filter>
    </ClInclude>
    <ClInclude Include="..\ThirdParty\freetype\include\freetype\internal\ftrfork.h">
      <Filter>ThirdParty\freetype\include\freetype\internal</Filter>
    </ClInclude>
    <ClInclude Include="..\ThirdParty\freetype\include\freetype\internal\ftserv.h">
      <Filter>ThirdParty\freetype\include\freetype\internal</Filter>
    </ClInclude>
    <ClInclude Include="..\ThirdParty\freetype\include\freetype\internal\ftstream.h">
      <Filter>ThirdParty\freetype\include\freetype\internal</Filter>
    </ClInclude>
    <ClInclude Include="..\ThirdParty\freetype\include\freetype\internal\fttrace.h">
      <Filter>ThirdParty\freetype\include\freetype\internal</Filter>
    </ClInclude>
    <ClInclude Include="..\ThirdParty\freetype\include\freetype\internal\ftvalid.h">
      <Filter>ThirdParty\freetype\include\freetype\internal</Filter>
    </ClInclude>
    <ClInclude Include="..\ThirdParty\freetype\include\freetype\internal\psaux.h">
      <Filter>ThirdParty\freetype\include\freetype\internal</Filter>
    </ClInclude>
    <ClInclude Include="..\ThirdParty\freetype\include\freetype\internal\pshints.h">
      <Filter>ThirdParty\freetype\include\freetype\internal</Filter>
    </ClInclude>
    <ClInclude Include="..\ThirdParty\freetype\include\freetype\internal\services\svbdf.h">
      <Filter>ThirdParty\freetype\include\freetype\internal\services</Filter>
    </ClInclude>
    <ClInclude Include="..\ThirdParty\freetype\include\freetype\internal\services\svcfftl.h">
      <Filter>ThirdParty\freetype\include\freetype\internal\services</Filter>
    </ClInclude>
    <ClInclude Include="..\ThirdParty\freetype\include\freetype\internal\services\svcid.h">
      <Filter>ThirdParty\freetype\include\freetype\internal\services</Filter>
    </ClInclude>
    <ClInclude Include="..\ThirdParty\freetype\include\freetype\internal\services\svfntfmt.h">
      <Filter>ThirdParty\freetype\include\freetype\internal\services</Filter>
    </ClInclude>
    <ClInclude Include="..\ThirdParty\freetype\include\freetype\internal\services\svgldict.h">
      <Filter>ThirdParty\freetype\include\freetype\internal\services</Filter>
    </ClInclude>
    <ClInclude Include="..\ThirdParty\freetype\include\freetype\internal\services\svgxval.h">
      <Filter>ThirdParty\freetype\include\freetype\internal\services</Filter>
    </ClInclude>
    <ClInclude Include="..\ThirdParty\freetype\include\freetype\internal\services\svkern.h">
      <Filter>ThirdParty\freetype\include\freetype\internal\services</Filter>
    </ClInclude>
    <ClInclude Include="..\ThirdParty\freetype\include\freetype\internal\services\svmetric.h">
      <Filter>ThirdParty\freetype\include\freetype\internal\services</Filter>
    </ClInclude>
    <ClInclude Include="..\ThirdParty\freetype\include\freetype\internal\services\svmm.h">
      <Filter>ThirdParty\freetype\include\freetype\internal\services</Filter>
    </ClInclude>
    <ClInclude Include="..\ThirdParty\freetype\include\freetype\internal\services\svotval.h">
      <Filter>ThirdParty\freetype\include\freetype\internal\services</Filter>
    </ClInclude>
    <ClInclude Include="..\ThirdParty\freetype\include\freetype\internal\services\svpfr.h">
      <Filter>ThirdParty\freetype\include\freetype\internal\services</Filter>
    </ClInclude>
    <ClInclude Include="..\ThirdParty\freetype\include\freetype\internal\services\svpostnm.h">
      <Filter>ThirdParty\freetype\include\freetype\internal\services</Filter>
    </ClInclude>
    <ClInclude Include="..\ThirdParty\freetype\include\freetype\internal\services\svprop.h">
      <Filter>ThirdParty\freetype\include\freetype\internal\services</Filter>
    </ClInclude>
    <ClInclude Include="..\ThirdParty\freetype\include\freetype\internal\services\svpscmap.h">
      <Filter>ThirdParty\freetype\include\freetype\internal\services</Filter>
    </ClInclude>
    <ClInclude Include="..\ThirdParty\freetype\include\freetype\internal\services\svpsinfo.h">
      <Filter>ThirdParty\freetype\include\freetype\internal\services</Filter>
    </ClInclude>
    <ClInclude Include="..\ThirdParty\freetype\include\freetype\internal\services\svsfnt.h">
      <Filter>ThirdParty\freetype\include\freetype\internal\services</Filter>
    </ClInclude>
    <ClInclude Include="..\ThirdParty\freetype\include\freetype\internal\services\svttcmap.h">
      <Filter>ThirdParty\freetype\include\freetype\internal\services</Filter>
    </ClInclude>
    <ClInclude Include="..\ThirdParty\freetype\include\freetype\internal\services\svtteng.h">
      <Filter>ThirdParty\freetype\include\freetype\internal\services</Filter>
    </ClInclude>
    <ClInclude Include="..\ThirdParty\freetype\include\freetype\internal\services\svttglyf.h">
      <Filter>ThirdParty\freetype\include\freetype\internal\services</Filter>
    </ClInclude>
    <ClInclude Include="..\ThirdParty\freetype\include\freetype\internal\services\svwinfnt.h">
      <Filter>ThirdParty\freetype\include\freetype\internal\services</Filter>
    </ClInclude>
    <ClInclude Include="..\ThirdParty\freetype\include\freetype\internal\sfnt.h">
      <Filter>ThirdParty\freetype\include\freetype\internal</Filter>
    </ClInclude>
    <ClInclude Include="..\ThirdParty\freetype\include\freetype\internal\svginterface.h">
      <Filter>ThirdParty\freetype\include\freetype\internal</Filter>
    </ClInclude>
    <ClInclude Include="..\ThirdParty\freetype\include\freetype\internal\t1types.h">
      <Filter>ThirdParty\freetype\include\freetype\internal</Filter>
    </ClInclude>
    <ClInclude Include="..\ThirdParty\freetype\include\freetype\internal\tttypes.h">
      <Filter>ThirdParty\freetype\include\freetype\internal</Filter>
    </ClInclude>
    <ClInclude Include="..\ThirdParty\freetype\include\freetype\internal\wofftypes.h">
      <Filter>ThirdParty\freetype\include\freetype\internal</Filter>
    </ClInclude>
    <ClInclude Include="..\ThirdParty\freetype\include\freetype\otsvg.h">
      <Filter>ThirdParty\freetype\include\freetype</Filter>
    </ClInclude>
    <ClInclude Include="..\ThirdParty\freetype\include\freetype\t1tables.h">
      <Filter>ThirdParty\freetype\include\freetype</Filter>
    </ClInclude>
    <ClInclude Include="..\ThirdParty\freetype\include\freetype\ttnameid.h">
      <Filter>ThirdParty\freetype\include\freetype</Filter>
    </ClInclude>
    <ClInclude Include="..\ThirdParty\freetype\include\freetype\tttables.h">
      <Filter>ThirdParty\freetype\include\freetype</Filter>
    </ClInclude>
    <ClInclude Include="..\ThirdParty\freetype\include\freetype\tttags.h">
      <Filter>ThirdParty\freetype\include\freetype</Filter>
    </ClInclude>
    <ClInclude Include="..\ThirdParty\freetype\include\ft2build.h">
      <Filter>ThirdParty\freetype\include</Filter>
    </ClInclude>
  </ItemGroup>
  <ItemGroup>
    <ClCompile Include="..\ThirdParty\freetype\builds\windows\ftdebug.c">
      <Filter>ThirdParty\freetype\builds\windows</Filter>
    </ClCompile>
    <ClCompile Include="..\ThirdParty\freetype\src\autofit\autofit.c">
      <Filter>ThirdParty\freetype\src\autofit</Filter>
    </ClCompile>
    <ClCompile Include="..\ThirdParty\freetype\src\base\ftbase.c">
      <Filter>ThirdParty\freetype\src\base</Filter>
    </ClCompile>
    <ClCompile Include="..\ThirdParty\freetype\src\base\ftbbox.c">
      <Filter>ThirdParty\freetype\src\base</Filter>
    </ClCompile>
    <ClCompile Include="..\ThirdParty\freetype\src\base\ftbdf.c">
      <Filter>ThirdParty\freetype\src\base</Filter>
    </ClCompile>
    <ClCompile Include="..\ThirdParty\freetype\src\base\ftbitmap.c">
      <Filter>ThirdParty\freetype\src\base</Filter>
    </ClCompile>
    <ClCompile Include="..\ThirdParty\freetype\src\base\ftfntfmt.c">
      <Filter>ThirdParty\freetype\src\base</Filter>
    </ClCompile>
    <ClCompile Include="..\ThirdParty\freetype\src\base\ftfstype.c">
      <Filter>ThirdParty\freetype\src\base</Filter>
    </ClCompile>
    <ClCompile Include="..\ThirdParty\freetype\src\base\ftgasp.c">
      <Filter>ThirdParty\freetype\src\base</Filter>
    </ClCompile>
    <ClCompile Include="..\ThirdParty\freetype\src\base\ftglyph.c">
      <Filter>ThirdParty\freetype\src\base</Filter>
    </ClCompile>
    <ClCompile Include="..\ThirdParty\freetype\src\base\ftgxval.c">
      <Filter>ThirdParty\freetype\src\base</Filter>
    </ClCompile>
    <ClCompile Include="..\ThirdParty\freetype\src\base\ftinit.c">
      <Filter>ThirdParty\freetype\src\base</Filter>
    </ClCompile>
    <ClCompile Include="..\ThirdParty\freetype\src\base\ftmm.c">
      <Filter>ThirdParty\freetype\src\base</Filter>
    </ClCompile>
    <ClCompile Include="..\ThirdParty\freetype\src\base\ftotval.c">
      <Filter>ThirdParty\freetype\src\base</Filter>
    </ClCompile>
    <ClCompile Include="..\ThirdParty\freetype\src\base\ftpfr.c">
      <Filter>ThirdParty\freetype\src\base</Filter>
    </ClCompile>
    <ClCompile Include="..\ThirdParty\freetype\src\base\ftstroke.c">
      <Filter>ThirdParty\freetype\src\base</Filter>
    </ClCompile>
    <ClCompile Include="..\ThirdParty\freetype\src\base\ftsynth.c">
      <Filter>ThirdParty\freetype\src\base</Filter>
    </ClCompile>
    <ClCompile Include="..\ThirdParty\freetype\src\base\ftsystem.c">
      <Filter>ThirdParty\freetype\src\base</Filter>
    </ClCompile>
    <ClCompile Include="..\ThirdParty\freetype\src\base\fttype1.c">
      <Filter>ThirdParty\freetype\src\base</Filter>
    </ClCompile>
    <ClCompile Include="..\ThirdParty\freetype\src\base\ftwinfnt.c">
      <Filter>ThirdParty\freetype\src\base</Filter>
    </ClCompile>
    <ClCompile Include="..\ThirdParty\freetype\src\bdf\bdf.c">
      <Filter>ThirdParty\freetype\src\bdf</Filter>
    </ClCompile>
    <ClCompile Include="..\ThirdParty\freetype\src\cache\ftcache.c">
      <Filter>ThirdParty\freetype\src\cache</Filter>
    </ClCompile>
    <ClCompile Include="..\ThirdParty\freetype\src\cff\cff.c">
      <Filter>ThirdParty\freetype\src\cff</Filter>
    </ClCompile>
    <ClCompile Include="..\ThirdParty\freetype\src\cid\type1cid.c">
      <Filter>ThirdParty\freetype\src\cid</Filter>
    </ClCompile>
    <ClCompile Include="..\ThirdParty\freetype\src\gzip\ftgzip.c">
      <Filter>ThirdParty\freetype\src\gzip</Filter>
    </ClCompile>
    <ClCompile Include="..\ThirdParty\freetype\src\lzw\ftlzw.c">
      <Filter>ThirdParty\freetype\src\lzw</Filter>
    </ClCompile>
    <ClCompile Include="..\ThirdParty\freetype\src\pcf\pcf.c">
      <Filter>ThirdParty\freetype\src\pcf</Filter>
    </ClCompile>
    <ClCompile Include="..\ThirdParty\freetype\src\pfr\pfr.c">
      <Filter>ThirdParty\freetype\src\pfr</Filter>
    </ClCompile>
    <ClCompile Include="..\ThirdParty\freetype\src\psaux\psaux.c">
      <Filter>ThirdParty\freetype\src\psaux</Filter>
    </ClCompile>
    <ClCompile Include="..\ThirdParty\freetype\src\pshinter\pshinter.c">
      <Filter>ThirdParty\freetype\src\pshinter</Filter>
    </ClCompile>
    <ClCompile Include="..\ThirdParty\freetype\src\psnames\psmodule.c">
      <Filter>ThirdParty\freetype\src\psnames</Filter>
    </ClCompile>
    <ClCompile Include="..\ThirdParty\freetype\src\raster\raster.c">
      <Filter>ThirdParty\freetype\src\raster</Filter>
    </ClCompile>
    <ClCompile Include="..\ThirdParty\freetype\src\sfnt\sfnt.c">
      <Filter>ThirdParty\freetype\src\sfnt</Filter>
    </ClCompile>
    <ClCompile Include="..\ThirdParty\freetype\src\smooth\smooth.c">
      <Filter>ThirdParty\freetype\src\smooth</Filter>
    </ClCompile>
    <ClCompile Include="..\ThirdParty\freetype\src\truetype\truetype.c">
      <Filter>ThirdParty\freetype\src\truetype</Filter>
    </ClCompile>
    <ClCompile Include="..\ThirdParty\freetype\src\type1\type1.c">
      <Filter>ThirdParty\freetype\src\type1</Filter>
    </ClCompile>
    <ClCompile Include="..\ThirdParty\freetype\src\type42\type42.c">
      <Filter>ThirdParty\freetype\src\type42</Filter>
    </ClCompile>
    <ClCompile Include="..\ThirdParty\freetype\src\winfonts\winfnt.c">
      <Filter>ThirdParty\freetype\src\winfonts</Filter>
    </ClCompile>
  </ItemGroup>
  <ItemGroup>
    <None Include="MSTEngine.lua" />
  </ItemGroup>
</Project>